
Microsoft Visual Studio Solution File, Format Version 12.00
# Visual Studio Version 17
VisualStudioVersion = 17.6.33815.320
MinimumVisualStudioVersion = 10.0.40219.1
Project("{FAE04EC0-301F-11D3-BF4B-00C04F79EFBC}") = "AppRoti", "AppRoti\AppRoti.csproj", "{C63C4BAC-9F7D-4D95-8FD2-DD9183ADD833}"
EndProject
Global
	GlobalSection(SolutionConfigurationPlatforms) = preSolution
		Debug|Any CPU = Debug|Any CPU
		Release|Any CPU = Release|Any CPU
	EndGlobalSection
	GlobalSection(ProjectConfigurationPlatforms) = postSolution
		{C63C4BAC-9F7D-4D95-8FD2-DD9183ADD833}.Debug|Any CPU.ActiveCfg = Debug|Any CPU
		{C63C4BAC-9F7D-4D95-8FD2-DD9183ADD833}.Debug|Any CPU.Build.0 = Debug|Any CPU
		{C63C4BAC-9F7D-4D95-8FD2-DD9183ADD833}.Release|Any CPU.ActiveCfg = Release|Any CPU
		{C63C4BAC-9F7D-4D95-8FD2-DD9183ADD833}.Release|Any CPU.Build.0 = Release|Any CPU
	EndGlobalSection
	GlobalSection(SolutionProperties) = preSolution
		HideSolutionNode = FALSE
	EndGlobalSection
	GlobalSection(ExtensibilityGlobals) = postSolution
		SolutionGuid = {EB2C6928-D856-49A1-ABDE-16ABFD8B6545}
	EndGlobalSection
EndGlobal
