
Microsoft Visual Studio Solution File, Format Version 12.00
# Visual Studio Version 17
VisualStudioVersion = 17.6.33815.320
MinimumVisualStudioVersion = 10.0.40219.1
Project("{FAE04EC0-301F-11D3-BF4B-00C04F79EFBC}") = "AppRoti", "AppRoti\AppRoti.csproj", "{6F1D62BC-BA3F-4B18-AAE0-1551104AED6C}"
EndProject
Global
	GlobalSection(SolutionConfigurationPlatforms) = preSolution
		Debug|Any CPU = Debug|Any CPU
		Debug|x64 = Debug|x64
		Release|Any CPU = Release|Any CPU
		Release|x64 = Release|x64
	EndGlobalSection
	GlobalSection(ProjectConfigurationPlatforms) = postSolution
		{6F1D62BC-BA3F-4B18-AAE0-1551104AED6C}.Debug|Any CPU.ActiveCfg = Debug|Any CPU
		{6F1D62BC-BA3F-4B18-AAE0-1551104AED6C}.Debug|Any CPU.Build.0 = Debug|Any CPU
		{6F1D62BC-BA3F-4B18-AAE0-1551104AED6C}.Debug|x64.ActiveCfg = Debug|Any CPU
		{6F1D62BC-BA3F-4B18-AAE0-1551104AED6C}.Debug|x64.Build.0 = Debug|Any CPU
		{6F1D62BC-BA3F-4B18-AAE0-1551104AED6C}.Release|Any CPU.ActiveCfg = Release|Any CPU
		{6F1D62BC-BA3F-4B18-AAE0-1551104AED6C}.Release|Any CPU.Build.0 = Release|Any CPU
		{6F1D62BC-BA3F-4B18-AAE0-1551104AED6C}.Release|x64.ActiveCfg = Release|Any CPU
		{6F1D62BC-BA3F-4B18-AAE0-1551104AED6C}.Release|x64.Build.0 = Release|Any CPU
	EndGlobalSection
	GlobalSection(SolutionProperties) = preSolution
		HideSolutionNode = FALSE
	EndGlobalSection
	GlobalSection(ExtensibilityGlobals) = postSolution
		SolutionGuid = {3B31E341-6CF3-4CA3-A8D8-500542AC980B}
	EndGlobalSection
EndGlobal
